
Microsoft Visual Studio Solution File, Format Version 12.00
Project("{FAE04EC0-301F-11D3-BF4B-00C04F79EFBC}") = "Kolokwium2", "Kolokwium2\Kolokwium2.csproj", "{FE191558-4AB0-4225-AAF4-74EBFD020420}"
EndProject
Global
	GlobalSection(SolutionConfigurationPlatforms) = preSolution
		Debug|Any CPU = Debug|Any CPU
		Release|Any CPU = Release|Any CPU
	EndGlobalSection
	GlobalSection(ProjectConfigurationPlatforms) = postSolution
		{FE191558-4AB0-4225-AAF4-74EBFD020420}.Debug|Any CPU.ActiveCfg = Debug|Any CPU
		{FE191558-4AB0-4225-AAF4-74EBFD020420}.Debug|Any CPU.Build.0 = Debug|Any CPU
		{FE191558-4AB0-4225-AAF4-74EBFD020420}.Release|Any CPU.ActiveCfg = Release|Any CPU
		{FE191558-4AB0-4225-AAF4-74EBFD020420}.Release|Any CPU.Build.0 = Release|Any CPU
	EndGlobalSection
EndGlobal
